
Microsoft Visual Studio Solution File, Format Version 12.00
# Visual Studio Version 17
VisualStudioVersion = 17.7.34202.233
MinimumVisualStudioVersion = 10.0.40219.1
Project("{9A19103F-16F7-4668-BE54-9A1E7A4F7556}") = "VS1_Ignatova", "VS1_Ignatova\VS1_Ignatova.csproj", "{2BA2ED53-F414-4425-9444-BADE44867540}"
EndProject
Global
	GlobalSection(SolutionConfigurationPlatforms) = preSolution
		Debug|Any CPU = Debug|Any CPU
		Release|Any CPU = Release|Any CPU
	EndGlobalSection
	GlobalSection(ProjectConfigurationPlatforms) = postSolution
		{2BA2ED53-F414-4425-9444-BADE44867540}.Debug|Any CPU.ActiveCfg = Debug|Any CPU
		{2BA2ED53-F414-4425-9444-BADE44867540}.Debug|Any CPU.Build.0 = Debug|Any CPU
		{2BA2ED53-F414-4425-9444-BADE44867540}.Release|Any CPU.ActiveCfg = Release|Any CPU
		{2BA2ED53-F414-4425-9444-BADE44867540}.Release|Any CPU.Build.0 = Release|Any CPU
	EndGlobalSection
	GlobalSection(SolutionProperties) = preSolution
		HideSolutionNode = FALSE
	EndGlobalSection
	GlobalSection(ExtensibilityGlobals) = postSolution
		SolutionGuid = {11B87FA7-6E22-4B2E-94E0-9052F4D21FDD}
	EndGlobalSection
EndGlobal
